// !$*UTF8*$!
{
	archiveVersion = 1;
	classes = {
	};
	objectVersion = 55;
	objects = {

/* Begin PBXBuildFile section */
		3B0ABB8727AF0A3D00E912F3 /* AppDelegate.swift in Sources */ = {isa = PBXBuildFile; fileRef = 3B0ABB8627AF0A3D00E912F3 /* AppDelegate.swift */; };
		3B0ABB8927AF0A3D00E912F3 /* SceneDelegate.swift in Sources */ = {isa = PBXBuildFile; fileRef = 3B0ABB8827AF0A3D00E912F3 /* SceneDelegate.swift */; };
		3B0ABB8B27AF0A3D00E912F3 /* ViewController.swift in Sources */ = {isa = PBXBuildFile; fileRef = 3B0ABB8A27AF0A3D00E912F3 /* ViewController.swift */; };
		3B0ABB8E27AF0A3D00E912F3 /* Main.storyboard in Resources */ = {isa = PBXBuildFile; fileRef = 3B0ABB8C27AF0A3D00E912F3 /* Main.storyboard */; };
		3B0ABB9027AF0A4100E912F3 /* Assets.xcassets in Resources */ = {isa = PBXBuildFile; fileRef = 3B0ABB8F27AF0A4100E912F3 /* Assets.xcassets */; };
		3B0ABB9327AF0A4100E912F3 /* LaunchScreen.storyboard in Resources */ = {isa = PBXBuildFile; fileRef = 3B0ABB9127AF0A4100E912F3 /* LaunchScreen.storyboard */; };
		3B0ABB9E27AF0A4100E912F3 /* Chapter1Tests.swift in Sources */ = {isa = PBXBuildFile; fileRef = 3B0ABB9D27AF0A4100E912F3 /* Chapter1Tests.swift */; };
		3B0ABBA827AF0A4100E912F3 /* Chapter1UITests.swift in Sources */ = {isa = PBXBuildFile; fileRef = 3B0ABBA727AF0A4100E912F3 /* Chapter1UITests.swift */; };
		3B0ABBAA27AF0A4100E912F3 /* Chapter1UITestsLaunchTests.swift in Sources */ = {isa = PBXBuildFile; fileRef = 3B0ABBA927AF0A4100E912F3 /* Chapter1UITestsLaunchTests.swift */; };
		3B0ABBB727AF0A7800E912F3 /* Models.swift in Sources */ = {isa = PBXBuildFile; fileRef = 3B0ABBB627AF0A7800E912F3 /* Models.swift */; };
		3B0ABBB827AF0B3200E912F3 /* ViewController.swift in Sources */ = {isa = PBXBuildFile; fileRef = 3B0ABB8A27AF0A3D00E912F3 /* ViewController.swift */; };
		3B0ABBB927AF0FD100E912F3 /* Models.swift in Sources */ = {isa = PBXBuildFile; fileRef = 3B0ABBB627AF0A7800E912F3 /* Models.swift */; };
		3B0ABBBB27AF967300E912F3 /* PerformanceCalculator.swift in Sources */ = {isa = PBXBuildFile; fileRef = 3B0ABBBA27AF967300E912F3 /* PerformanceCalculator.swift */; };
		3B0ABBBC27AF983300E912F3 /* PerformanceCalculator.swift in Sources */ = {isa = PBXBuildFile; fileRef = 3B0ABBBA27AF967300E912F3 /* PerformanceCalculator.swift */; };
/* End PBXBuildFile section */

/* Begin PBXContainerItemProxy section */
		3B0ABB9A27AF0A4100E912F3 /* PBXContainerItemProxy */ = {
			isa = PBXContainerItemProxy;
			containerPortal = 3B0ABB7B27AF0A3D00E912F3 /* Project object */;
			proxyType = 1;
			remoteGlobalIDString = 3B0ABB8227AF0A3D00E912F3;
			remoteInfo = Chapter1;
		};
		3B0ABBA427AF0A4100E912F3 /* PBXContainerItemProxy */ = {
			isa = PBXContainerItemProxy;
			containerPortal = 3B0ABB7B27AF0A3D00E912F3 /* Project object */;
			proxyType = 1;
			remoteGlobalIDString = 3B0ABB8227AF0A3D00E912F3;
			remoteInfo = Chapter1;
		};
/* End PBXContainerItemProxy section */

/* Begin PBXFileReference section */
		3B0ABB8327AF0A3D00E912F3 /* Chapter1.app */ = {isa = PBXFileReference; explicitFileType = wrapper.application; includeInIndex = 0; path = Chapter1.app; sourceTree = BUILT_PRODUCTS_DIR; };
		3B0ABB8627AF0A3D00E912F3 /* AppDelegate.swift */ = {isa = PBXFileReference; lastKnownFileType = sourcecode.swift; path = AppDelegate.swift; sourceTree = "<group>"; };
		3B0ABB8827AF0A3D00E912F3 /* SceneDelegate.swift */ = {isa = PBXFileReference; lastKnownFileType = sourcecode.swift; path = SceneDelegate.swift; sourceTree = "<group>"; };
		3B0ABB8A27AF0A3D00E912F3 /* ViewController.swift */ = {isa = PBXFileReference; lastKnownFileType = sourcecode.swift; path = ViewController.swift; sourceTree = "<group>"; };
		3B0ABB8D27AF0A3D00E912F3 /* Base */ = {isa = PBXFileReference; lastKnownFileType = file.storyboard; name = Base; path = Base.lproj/Main.storyboard; sourceTree = "<group>"; };
		3B0ABB8F27AF0A4100E912F3 /* Assets.xcassets */ = {isa = PBXFileReference; lastKnownFileType = folder.assetcatalog; path = Assets.xcassets; sourceTree = "<group>"; };
		3B0ABB9227AF0A4100E912F3 /* Base */ = {isa = PBXFileReference; lastKnownFileType = file.storyboard; name = Base; path = Base.lproj/LaunchScreen.storyboard; sourceTree = "<group>"; };
		3B0ABB9427AF0A4100E912F3 /* Info.plist */ = {isa = PBXFileReference; lastKnownFileType = text.plist.xml; path = Info.plist; sourceTree = "<group>"; };
		3B0ABB9927AF0A4100E912F3 /* Chapter1Tests.xctest */ = {isa = PBXFileReference; explicitFileType = wrapper.cfbundle; includeInIndex = 0; path = Chapter1Tests.xctest; sourceTree = BUILT_PRODUCTS_DIR; };
		3B0ABB9D27AF0A4100E912F3 /* Chapter1Tests.swift */ = {isa = PBXFileReference; lastKnownFileType = sourcecode.swift; path = Chapter1Tests.swift; sourceTree = "<group>"; };
		3B0ABBA327AF0A4100E912F3 /* Chapter1UITests.xctest */ = {isa = PBXFileReference; explicitFileType = wrapper.cfbundle; includeInIndex = 0; path = Chapter1UITests.xctest; sourceTree = BUILT_PRODUCTS_DIR; };
		3B0ABBA727AF0A4100E912F3 /* Chapter1UITests.swift */ = {isa = PBXFileReference; lastKnownFileType = sourcecode.swift; path = Chapter1UITests.swift; sourceTree = "<group>"; };
		3B0ABBA927AF0A4100E912F3 /* Chapter1UITestsLaunchTests.swift */ = {isa = PBXFileReference; lastKnownFileType = sourcecode.swift; path = Chapter1UITestsLaunchTests.swift; sourceTree = "<group>"; };
		3B0ABBB627AF0A7800E912F3 /* Models.swift */ = {isa = PBXFileReference; lastKnownFileType = sourcecode.swift; path = Models.swift; sourceTree = "<group>"; };
		3B0ABBBA27AF967300E912F3 /* PerformanceCalculator.swift */ = {isa = PBXFileReference; lastKnownFileType = sourcecode.swift; path = PerformanceCalculator.swift; sourceTree = "<group>"; };
/* End PBXFileReference section */

/* Begin PBXFrameworksBuildPhase section */
		3B0ABB8027AF0A3D00E912F3 /* Frameworks */ = {
			isa = PBXFrameworksBuildPhase;
			buildActionMask = 2147483647;
			files = (
			);
			runOnlyForDeploymentPostprocessing = 0;
		};
		3B0ABB9627AF0A4100E912F3 /* Frameworks */ = {
			isa = PBXFrameworksBuildPhase;
			buildActionMask = 2147483647;
			files = (
			);
			runOnlyForDeploymentPostprocessing = 0;
		};
		3B0ABBA027AF0A4100E912F3 /* Frameworks */ = {
			isa = PBXFrameworksBuildPhase;
			buildActionMask = 2147483647;
			files = (
			);
			runOnlyForDeploymentPostprocessing = 0;
		};
/* End PBXFrameworksBuildPhase section */

/* Begin PBXGroup section */
		3B0ABB7A27AF0A3D00E912F3 = {
			isa = PBXGroup;
			children = (
				3B0ABB8527AF0A3D00E912F3 /* Chapter1 */,
				3B0ABB9C27AF0A4100E912F3 /* Chapter1Tests */,
				3B0ABBA627AF0A4100E912F3 /* Chapter1UITests */,
				3B0ABB8427AF0A3D00E912F3 /* Products */,
			);
			sourceTree = "<group>";
		};
		3B0ABB8427AF0A3D00E912F3 /* Products */ = {
			isa = PBXGroup;
			children = (
				3B0ABB8327AF0A3D00E912F3 /* Chapter1.app */,
				3B0ABB9927AF0A4100E912F3 /* Chapter1Tests.xctest */,
				3B0ABBA327AF0A4100E912F3 /* Chapter1UITests.xctest */,
			);
			name = Products;
			sourceTree = "<group>";
		};
		3B0ABB8527AF0A3D00E912F3 /* Chapter1 */ = {
			isa = PBXGroup;
			children = (
				3B0ABB8627AF0A3D00E912F3 /* AppDelegate.swift */,
				3B0ABB8827AF0A3D00E912F3 /* SceneDelegate.swift */,
				3B0ABBB627AF0A7800E912F3 /* Models.swift */,
				3B0ABBBA27AF967300E912F3 /* PerformanceCalculator.swift */,
				3B0ABB8A27AF0A3D00E912F3 /* ViewController.swift */,
				3B0ABB8C27AF0A3D00E912F3 /* Main.storyboard */,
				3B0ABB8F27AF0A4100E912F3 /* Assets.xcassets */,
				3B0ABB9127AF0A4100E912F3 /* LaunchScreen.storyboard */,
				3B0ABB9427AF0A4100E912F3 /* Info.plist */,
			);
			path = Chapter1;
			sourceTree = "<group>";
		};
		3B0ABB9C27AF0A4100E912F3 /* Chapter1Tests */ = {
			isa = PBXGroup;
			children = (
				3B0ABB9D27AF0A4100E912F3 /* Chapter1Tests.swift */,
			);
			path = Chapter1Tests;
			sourceTree = "<group>";
		};
		3B0ABBA627AF0A4100E912F3 /* Chapter1UITests */ = {
			isa = PBXGroup;
			children = (
				3B0ABBA727AF0A4100E912F3 /* Chapter1UITests.swift */,
				3B0ABBA927AF0A4100E912F3 /* Chapter1UITestsLaunchTests.swift */,
			);
			path = Chapter1UITests;
			sourceTree = "<group>";
		};
/* End PBXGroup section */

/* Begin PBXNativeTarget section */
		3B0ABB8227AF0A3D00E912F3 /* Chapter1 */ = {
			isa = PBXNativeTarget;
			buildConfigurationList = 3B0ABBAD27AF0A4100E912F3 /* Build configuration list for PBXNativeTarget "Chapter1" */;
			buildPhases = (
				3B0ABB7F27AF0A3D00E912F3 /* Sources */,
				3B0ABB8027AF0A3D00E912F3 /* Frameworks */,
				3B0ABB8127AF0A3D00E912F3 /* Resources */,
			);
			buildRules = (
			);
			dependencies = (
			);
			name = Chapter1;
			productName = Chapter1;
			productReference = 3B0ABB8327AF0A3D00E912F3 /* Chapter1.app */;
			productType = "com.apple.product-type.application";
		};
		3B0ABB9827AF0A4100E912F3 /* Chapter1Tests */ = {
			isa = PBXNativeTarget;
			buildConfigurationList = 3B0ABBB027AF0A4100E912F3 /* Build configuration list for PBXNativeTarget "Chapter1Tests" */;
			buildPhases = (
				3B0ABB9527AF0A4100E912F3 /* Sources */,
				3B0ABB9627AF0A4100E912F3 /* Frameworks */,
				3B0ABB9727AF0A4100E912F3 /* Resources */,
			);
			buildRules = (
			);
			dependencies = (
				3B0ABB9B27AF0A4100E912F3 /* PBXTargetDependency */,
			);
			name = Chapter1Tests;
			productName = Chapter1Tests;
			productReference = 3B0ABB9927AF0A4100E912F3 /* Chapter1Tests.xctest */;
			productType = "com.apple.product-type.bundle.unit-test";
		};
		3B0ABBA227AF0A4100E912F3 /* Chapter1UITests */ = {
			isa = PBXNativeTarget;
			buildConfigurationList = 3B0ABBB327AF0A4100E912F3 /* Build configuration list for PBXNativeTarget "Chapter1UITests" */;
			buildPhases = (
				3B0ABB9F27AF0A4100E912F3 /* Sources */,
				3B0ABBA027AF0A4100E912F3 /* Frameworks */,
				3B0ABBA127AF0A4100E912F3 /* Resources */,
			);
			buildRules = (
			);
			dependencies = (
				3B0ABBA527AF0A4100E912F3 /* PBXTargetDependency */,
			);
			name = Chapter1UITests;
			productName = Chapter1UITests;
			productReference = 3B0ABBA327AF0A4100E912F3 /* Chapter1UITests.xctest */;
			productType = "com.apple.product-type.bundle.ui-testing";
		};
/* End PBXNativeTarget section */

/* Begin PBXProject section */
		3B0ABB7B27AF0A3D00E912F3 /* Project object */ = {
			isa = PBXProject;
			attributes = {
				BuildIndependentTargetsInParallel = 1;
				LastSwiftUpdateCheck = 1300;
				LastUpgradeCheck = 1300;
				TargetAttributes = {
					3B0ABB8227AF0A3D00E912F3 = {
						CreatedOnToolsVersion = 13.0;
					};
					3B0ABB9827AF0A4100E912F3 = {
						CreatedOnToolsVersion = 13.0;
						TestTargetID = 3B0ABB8227AF0A3D00E912F3;
					};
					3B0ABBA227AF0A4100E912F3 = {
						CreatedOnToolsVersion = 13.0;
						TestTargetID = 3B0ABB8227AF0A3D00E912F3;
					};
				};
			};
			buildConfigurationList = 3B0ABB7E27AF0A3D00E912F3 /* Build configuration list for PBXProject "Chapter1" */;
			compatibilityVersion = "Xcode 13.0";
			developmentRegion = en;
			hasScannedForEncodings = 0;
			knownRegions = (
				en,
				Base,
			);
			mainGroup = 3B0ABB7A27AF0A3D00E912F3;
			productRefGroup = 3B0ABB8427AF0A3D00E912F3 /* Products */;
			projectDirPath = "";
			projectRoot = "";
			targets = (
				3B0ABB8227AF0A3D00E912F3 /* Chapter1 */,
				3B0ABB9827AF0A4100E912F3 /* Chapter1Tests */,
				3B0ABBA227AF0A4100E912F3 /* Chapter1UITests */,
			);
		};
/* End PBXProject section */

/* Begin PBXResourcesBuildPhase section */
		3B0ABB8127AF0A3D00E912F3 /* Resources */ = {
			isa = PBXResourcesBuildPhase;
			buildActionMask = 2147483647;
			files = (
				3B0ABB9327AF0A4100E912F3 /* LaunchScreen.storyboard in Resources */,
				3B0ABB9027AF0A4100E912F3 /* Assets.xcassets in Resources */,
				3B0ABB8E27AF0A3D00E912F3 /* Main.storyboard in Resources */,
			);
			runOnlyForDeploymentPostprocessing = 0;
		};
		3B0ABB9727AF0A4100E912F3 /* Resources */ = {
			isa = PBXResourcesBuildPhase;
			buildActionMask = 2147483647;
			files = (
			);
			runOnlyForDeploymentPostprocessing = 0;
		};
		3B0ABBA127AF0A4100E912F3 /* Resources */ = {
			isa = PBXResourcesBuildPhase;
			buildActionMask = 2147483647;
			files = (
			);
			runOnlyForDeploymentPostprocessing = 0;
		};
/* End PBXResourcesBuildPhase section */

/* Begin PBXSourcesBuildPhase section */
		3B0ABB7F27AF0A3D00E912F3 /* Sources */ = {
			isa = PBXSourcesBuildPhase;
			buildActionMask = 2147483647;
			files = (
				3B0ABB8B27AF0A3D00E912F3 /* ViewController.swift in Sources */,
				3B0ABB8727AF0A3D00E912F3 /* AppDelegate.swift in Sources */,
				3B0ABB8927AF0A3D00E912F3 /* SceneDelegate.swift in Sources */,
				3B0ABBBB27AF967300E912F3 /* PerformanceCalculator.swift in Sources */,
				3B0ABBB727AF0A7800E912F3 /* Models.swift in Sources */,
			);
			runOnlyForDeploymentPostprocessing = 0;
		};
		3B0ABB9527AF0A4100E912F3 /* Sources */ = {
			isa = PBXSourcesBuildPhase;
			buildActionMask = 2147483647;
			files = (
				3B0ABBB927AF0FD100E912F3 /* Models.swift in Sources */,
				3B0ABBB827AF0B3200E912F3 /* ViewController.swift in Sources */,
				3B0ABBBC27AF983300E912F3 /* PerformanceCalculator.swift in Sources */,
				3B0ABB9E27AF0A4100E912F3 /* Chapter1Tests.swift in Sources */,
			);
			runOnlyForDeploymentPostprocessing = 0;
		};
		3B0ABB9F27AF0A4100E912F3 /* Sources */ = {
			isa = PBXSourcesBuildPhase;
			buildActionMask = 2147483647;
			files = (
				3B0ABBAA27AF0A4100E912F3 /* Chapter1UITestsLaunchTests.swift in Sources */,
				3B0ABBA827AF0A4100E912F3 /* Chapter1UITests.swift in Sources */,
			);
			runOnlyForDeploymentPostprocessing = 0;
		};
/* End PBXSourcesBuildPhase section */

/* Begin PBXTargetDependency section */
		3B0ABB9B27AF0A4100E912F3 /* PBXTargetDependency */ = {
			isa = PBXTargetDependency;
			target = 3B0ABB8227AF0A3D00E912F3 /* Chapter1 */;
			targetProxy = 3B0ABB9A27AF0A4100E912F3 /* PBXContainerItemProxy */;
		};
		3B0ABBA527AF0A4100E912F3 /* PBXTargetDependency */ = {
			isa = PBXTargetDependency;
			target = 3B0ABB8227AF0A3D00E912F3 /* Chapter1 */;
			targetProxy = 3B0ABBA427AF0A4100E912F3 /* PBXContainerItemProxy */;
		};
/* End PBXTargetDependency section */

/* Begin PBXVariantGroup section */
		3B0ABB8C27AF0A3D00E912F3 /* Main.storyboard */ = {
			isa = PBXVariantGroup;
			children = (
				3B0ABB8D27AF0A3D00E912F3 /* Base */,
			);
			name = Main.storyboard;
			sourceTree = "<group>";
		};
		3B0ABB9127AF0A4100E912F3 /* LaunchScreen.storyboard */ = {
			isa = PBXVariantGroup;
			children = (
				3B0ABB9227AF0A4100E912F3 /* Base */,
			);
			name = LaunchScreen.storyboard;
			sourceTree = "<group>";
		};
/* End PBXVariantGroup section */

/* Begin XCBuildConfiguration section */
		3B0ABBAB27AF0A4100E912F3 /* Debug */ = {
			isa = XCBuildConfiguration;
			buildSettings = {
				ALWAYS_SEARCH_USER_PATHS = NO;
				CLANG_ANALYZER_NONNULL = YES;
				CLANG_ANALYZER_NUMBER_OBJECT_CONVERSION = YES_AGGRESSIVE;
				CLANG_CXX_LANGUAGE_STANDARD = "gnu++17";
				CLANG_CXX_LIBRARY = "libc++";
				CLANG_ENABLE_MODULES = YES;
				CLANG_ENABLE_OBJC_ARC = YES;
				CLANG_ENABLE_OBJC_WEAK = YES;
				CLANG_WARN_BLOCK_CAPTURE_AUTORELEASING = YES;
				CLANG_WARN_BOOL_CONVERSION = YES;
				CLANG_WARN_COMMA = YES;
				CLANG_WARN_CONSTANT_CONVERSION = YES;
				CLANG_WARN_DEPRECATED_OBJC_IMPLEMENTATIONS = YES;
				CLANG_WARN_DIRECT_OBJC_ISA_USAGE = YES_ERROR;
				CLANG_WARN_DOCUMENTATION_COMMENTS = YES;
				CLANG_WARN_EMPTY_BODY = YES;
				CLANG_WARN_ENUM_CONVERSION = YES;
				CLANG_WARN_INFINITE_RECURSION = YES;
				CLANG_WARN_INT_CONVERSION = YES;
				CLANG_WARN_NON_LITERAL_NULL_CONVERSION = YES;
				CLANG_WARN_OBJC_IMPLICIT_RETAIN_SELF = YES;
				CLANG_WARN_OBJC_LITERAL_CONVERSION = YES;
				CLANG_WARN_OBJC_ROOT_CLASS = YES_ERROR;
				CLANG_WARN_QUOTED_INCLUDE_IN_FRAMEWORK_HEADER = YES;
				CLANG_WARN_RANGE_LOOP_ANALYSIS = YES;
				CLANG_WARN_STRICT_PROTOTYPES = YES;
				CLANG_WARN_SUSPICIOUS_MOVE = YES;
				CLANG_WARN_UNGUARDED_AVAILABILITY = YES_AGGRESSIVE;
				CLANG_WARN_UNREACHABLE_CODE = YES;
				CLANG_WARN__DUPLICATE_METHOD_MATCH = YES;
				COPY_PHASE_STRIP = NO;
				DEBUG_INFORMATION_FORMAT = dwarf;
				ENABLE_STRICT_OBJC_MSGSEND = YES;
				ENABLE_TESTABILITY = YES;
				GCC_C_LANGUAGE_STANDARD = gnu11;
				GCC_DYNAMIC_NO_PIC = NO;
				GCC_NO_COMMON_BLOCKS = YES;
				GCC_OPTIMIZATION_LEVEL = 0;
				GCC_PREPROCESSOR_DEFINITIONS = (
					"DEBUG=1",
					"$(inherited)",
				);
				GCC_WARN_64_TO_32_BIT_CONVERSION = YES;
				GCC_WARN_ABOUT_RETURN_TYPE = YES_ERROR;
				GCC_WARN_UNDECLARED_SELECTOR = YES;
				GCC_WARN_UNINITIALIZED_AUTOS = YES_AGGRESSIVE;
				GCC_WARN_UNUSED_FUNCTION = YES;
				GCC_WARN_UNUSED_VARIABLE = YES;
				IPHONEOS_DEPLOYMENT_TARGET = 15.0;
				MTL_ENABLE_DEBUG_INFO = INCLUDE_SOURCE;
				MTL_FAST_MATH = YES;
				ONLY_ACTIVE_ARCH = YES;
				SDKROOT = iphoneos;
				SWIFT_ACTIVE_COMPILATION_CONDITIONS = DEBUG;
				SWIFT_OPTIMIZATION_LEVEL = "-Onone";
			};
			name = Debug;
		};
		3B0ABBAC27AF0A4100E912F3 /* Release */ = {
			isa = XCBuildConfiguration;
			buildSettings = {
				ALWAYS_SEARCH_USER_PATHS = NO;
				CLANG_ANALYZER_NONNULL = YES;
				CLANG_ANALYZER_NUMBER_OBJECT_CONVERSION = YES_AGGRESSIVE;
				CLANG_CXX_LANGUAGE_STANDARD = "gnu++17";
				CLANG_CXX_LIBRARY = "libc++";
				CLANG_ENABLE_MODULES = YES;
				CLANG_ENABLE_OBJC_ARC = YES;
				CLANG_ENABLE_OBJC_WEAK = YES;
				CLANG_WARN_BLOCK_CAPTURE_AUTORELEASING = YES;
				CLANG_WARN_BOOL_CONVERSION = YES;
				CLANG_WARN_COMMA = YES;
				CLANG_WARN_CONSTANT_CONVERSION = YES;
				CLANG_WARN_DEPRECATED_OBJC_IMPLEMENTATIONS = YES;
				CLANG_WARN_DIRECT_OBJC_ISA_USAGE = YES_ERROR;
				CLANG_WARN_DOCUMENTATION_COMMENTS = YES;
				CLANG_WARN_EMPTY_BODY = YES;
				CLANG_WARN_ENUM_CONVERSION = YES;
				CLANG_WARN_INFINITE_RECURSION = YES;
				CLANG_WARN_INT_CONVERSION = YES;
				CLANG_WARN_NON_LITERAL_NULL_CONVERSION = YES;
				CLANG_WARN_OBJC_IMPLICIT_RETAIN_SELF = YES;
				CLANG_WARN_OBJC_LITERAL_CONVERSION = YES;
				CLANG_WARN_OBJC_ROOT_CLASS = YES_ERROR;
				CLANG_WARN_QUOTED_INCLUDE_IN_FRAMEWORK_HEADER = YES;
				CLANG_WARN_RANGE_LOOP_ANALYSIS = YES;
				CLANG_WARN_STRICT_PROTOTYPES = YES;
				CLANG_WARN_SUSPICIOUS_MOVE = YES;
				CLANG_WARN_UNGUARDED_AVAILABILITY = YES_AGGRESSIVE;
				CLANG_WARN_UNREACHABLE_CODE = YES;
				CLANG_WARN__DUPLICATE_METHOD_MATCH = YES;
				COPY_PHASE_STRIP = NO;
				DEBUG_INFORMATION_FORMAT = "dwarf-with-dsym";
				ENABLE_NS_ASSERTIONS = NO;
				ENABLE_STRICT_OBJC_MSGSEND = YES;
				GCC_C_LANGUAGE_STANDARD = gnu11;
				GCC_NO_COMMON_BLOCKS = YES;
				GCC_WARN_64_TO_32_BIT_CONVERSION = YES;
				GCC_WARN_ABOUT_RETURN_TYPE = YES_ERROR;
				GCC_WARN_UNDECLARED_SELECTOR = YES;
				GCC_WARN_UNINITIALIZED_AUTOS = YES_AGGRESSIVE;
				GCC_WARN_UNUSED_FUNCTION = YES;
				GCC_WARN_UNUSED_VARIABLE = YES;
				IPHONEOS_DEPLOYMENT_TARGET = 15.0;
				MTL_ENABLE_DEBUG_INFO = NO;
				MTL_FAST_MATH = YES;
				SDKROOT = iphoneos;
				SWIFT_COMPILATION_MODE = wholemodule;
				SWIFT_OPTIMIZATION_LEVEL = "-O";
				VALIDATE_PRODUCT = YES;
			};
			name = Release;
		};
		3B0ABBAE27AF0A4100E912F3 /* Debug */ = {
			isa = XCBuildConfiguration;
			buildSettings = {
				ASSETCATALOG_COMPILER_APPICON_NAME = AppIcon;
				ASSETCATALOG_COMPILER_GLOBAL_ACCENT_COLOR_NAME = AccentColor;
				CODE_SIGN_STYLE = Automatic;
				CURRENT_PROJECT_VERSION = 1;
				DEVELOPMENT_TEAM = Y4XABUQ539;
				GENERATE_INFOPLIST_FILE = YES;
				INFOPLIST_FILE = Chapter1/Info.plist;
				INFOPLIST_KEY_UIApplicationSupportsIndirectInputEvents = YES;
				INFOPLIST_KEY_UILaunchStoryboardName = LaunchScreen;
				INFOPLIST_KEY_UIMainStoryboardFile = Main;
				INFOPLIST_KEY_UISupportedInterfaceOrientations_iPad = "UIInterfaceOrientationPortrait UIInterfaceOrientationPortraitUpsideDown UIInterfaceOrientationLandscapeLeft UIInterfaceOrientationLandscapeRight";
				INFOPLIST_KEY_UISupportedInterfaceOrientations_iPhone = "UIInterfaceOrientationPortrait UIInterfaceOrientationLandscapeLeft UIInterfaceOrientationLandscapeRight";
				LD_RUNPATH_SEARCH_PATHS = (
					"$(inherited)",
					"@executable_path/Frameworks",
				);
				MARKETING_VERSION = 1.0;
				PRODUCT_BUNDLE_IDENTIFIER = com.sujinnaljin.Chapter1;
				PRODUCT_NAME = "$(TARGET_NAME)";
				SWIFT_EMIT_LOC_STRINGS = YES;
				SWIFT_VERSION = 5.0;
				TARGETED_DEVICE_FAMILY = "1,2";
			};
			name = Debug;
		};
		3B0ABBAF27AF0A4100E912F3 /* Release */ = {
			isa = XCBuildConfiguration;
			buildSettings = {
				ASSETCATALOG_COMPILER_APPICON_NAME = AppIcon;
				ASSETCATALOG_COMPILER_GLOBAL_ACCENT_COLOR_NAME = AccentColor;
				CODE_SIGN_STYLE = Automatic;
				CURRENT_PROJECT_VERSION = 1;
				DEVELOPMENT_TEAM = Y4XABUQ539;
				GENERATE_INFOPLIST_FILE = YES;
				INFOPLIST_FILE = Chapter1/Info.plist;
				INFOPLIST_KEY_UIApplicationSupportsIndirectInputEvents = YES;
				INFOPLIST_KEY_UILaunchStoryboardName = LaunchScreen;
				INFOPLIST_KEY_UIMainStoryboardFile = Main;
				INFOPLIST_KEY_UISupportedInterfaceOrientations_iPad = "UIInterfaceOrientationPortrait UIInterfaceOrientationPortraitUpsideDown UIInterfaceOrientationLandscapeLeft UIInterfaceOrientationLandscapeRight";
				INFOPLIST_KEY_UISupportedInterfaceOrientations_iPhone = "UIInterfaceOrientationPortrait UIInterfaceOrientationLandscapeLeft UIInterfaceOrientationLandscapeRight";
				LD_RUNPATH_SEARCH_PATHS = (
					"$(inherited)",
					"@executable_path/Frameworks",
				);
				MARKETING_VERSION = 1.0;
				PRODUCT_BUNDLE_IDENTIFIER = com.sujinnaljin.Chapter1;
				PRODUCT_NAME = "$(TARGET_NAME)";
				SWIFT_EMIT_LOC_STRINGS = YES;
				SWIFT_VERSION = 5.0;
				TARGETED_DEVICE_FAMILY = "1,2";
			};
			name = Release;
		};
		3B0ABBB127AF0A4100E912F3 /* Debug */ = {
			isa = XCBuildConfiguration;
			buildSettings = {
				ALWAYS_EMBED_SWIFT_STANDARD_LIBRARIES = YES;
				BUNDLE_LOADER = "$(TEST_HOST)";
				CODE_SIGN_STYLE = Automatic;
				CURRENT_PROJECT_VERSION = 1;
				DEVELOPMENT_TEAM = Y4XABUQ539;
				GENERATE_INFOPLIST_FILE = YES;
				IPHONEOS_DEPLOYMENT_TARGET = 15.0;
				LD_RUNPATH_SEARCH_PATHS = (
					"$(inherited)",
					"@executable_path/Frameworks",
					"@loader_path/Frameworks",
				);
				MARKETING_VERSION = 1.0;
				PRODUCT_BUNDLE_IDENTIFIER = com.sujinnaljin.Chapter1Tests;
				PRODUCT_NAME = "$(TARGET_NAME)";
				SWIFT_EMIT_LOC_STRINGS = NO;
				SWIFT_VERSION = 5.0;
				TARGETED_DEVICE_FAMILY = "1,2";
				TEST_HOST = "$(BUILT_PRODUCTS_DIR)/Chapter1.app/Chapter1";
			};
			name = Debug;
		};
		3B0ABBB227AF0A4100E912F3 /* Release */ = {
			isa = XCBuildConfiguration;
			buildSettings = {
				ALWAYS_EMBED_SWIFT_STANDARD_LIBRARIES = YES;
				BUNDLE_LOADER = "$(TEST_HOST)";
				CODE_SIGN_STYLE = Automatic;
				CURRENT_PROJECT_VERSION = 1;
				DEVELOPMENT_TEAM = Y4XABUQ539;
				GENERATE_INFOPLIST_FILE = YES;
				IPHONEOS_DEPLOYMENT_TARGET = 15.0;
				LD_RUNPATH_SEARCH_PATHS = (
					"$(inherited)",
					"@executable_path/Frameworks",
					"@loader_path/Frameworks",
				);
				MARKETING_VERSION = 1.0;
				PRODUCT_BUNDLE_IDENTIFIER = com.sujinnaljin.Chapter1Tests;
				PRODUCT_NAME = "$(TARGET_NAME)";
				SWIFT_EMIT_LOC_STRINGS = NO;
				SWIFT_VERSION = 5.0;
				TARGETED_DEVICE_FAMILY = "1,2";
				TEST_HOST = "$(BUILT_PRODUCTS_DIR)/Chapter1.app/Chapter1";
			};
			name = Release;
		};
		3B0ABBB427AF0A4100E912F3 /* Debug */ = {
			isa = XCBuildConfiguration;
			buildSettings = {
				ALWAYS_EMBED_SWIFT_STANDARD_LIBRARIES = YES;
				CODE_SIGN_STYLE = Automatic;
				CURRENT_PROJECT_VERSION = 1;
				DEVELOPMENT_TEAM = Y4XABUQ539;
				GENERATE_INFOPLIST_FILE = YES;
				LD_RUNPATH_SEARCH_PATHS = (
					"$(inherited)",
					"@executable_path/Frameworks",
					"@loader_path/Frameworks",
				);
				MARKETING_VERSION = 1.0;
				PRODUCT_BUNDLE_IDENTIFIER = com.sujinnaljin.Chapter1UITests;
				PRODUCT_NAME = "$(TARGET_NAME)";
				SWIFT_EMIT_LOC_STRINGS = NO;
				SWIFT_VERSION = 5.0;
				TARGETED_DEVICE_FAMILY = "1,2";
				TEST_TARGET_NAME = Chapter1;
			};
			name = Debug;
		};
		3B0ABBB527AF0A4100E912F3 /* Release */ = {
			isa = XCBuildConfiguration;
			buildSettings = {
				ALWAYS_EMBED_SWIFT_STANDARD_LIBRARIES = YES;
				CODE_SIGN_STYLE = Automatic;
				CURRENT_PROJECT_VERSION = 1;
				DEVELOPMENT_TEAM = Y4XABUQ539;
				GENERATE_INFOPLIST_FILE = YES;
				LD_RUNPATH_SEARCH_PATHS = (
					"$(inherited)",
					"@executable_path/Frameworks",
					"@loader_path/Frameworks",
				);
				MARKETING_VERSION = 1.0;
				PRODUCT_BUNDLE_IDENTIFIER = com.sujinnaljin.Chapter1UITests;
				PRODUCT_NAME = "$(TARGET_NAME)";
				SWIFT_EMIT_LOC_STRINGS = NO;
				SWIFT_VERSION = 5.0;
				TARGETED_DEVICE_FAMILY = "1,2";
				TEST_TARGET_NAME = Chapter1;
			};
			name = Release;
		};
/* End XCBuildConfiguration section */

/* Begin XCConfigurationList section */
		3B0ABB7E27AF0A3D00E912F3 /* Build configuration list for PBXProject "Chapter1" */ = {
			isa = XCConfigurationList;
			buildConfigurations = (
				3B0ABBAB27AF0A4100E912F3 /* Debug */,
				3B0ABBAC27AF0A4100E912F3 /* Release */,
			);
			defaultConfigurationIsVisible = 0;
			defaultConfigurationName = Release;
		};
		3B0ABBAD27AF0A4100E912F3 /* Build configuration list for PBXNativeTarget "Chapter1" */ = {
			isa = XCConfigurationList;
			buildConfigurations = (
				3B0ABBAE27AF0A4100E912F3 /* Debug */,
				3B0ABBAF27AF0A4100E912F3 /* Release */,
			);
			defaultConfigurationIsVisible = 0;
			defaultConfigurationName = Release;
		};
		3B0ABBB027AF0A4100E912F3 /* Build configuration list for PBXNativeTarget "Chapter1Tests" */ = {
			isa = XCConfigurationList;
			buildConfigurations = (
				3B0ABBB127AF0A4100E912F3 /* Debug */,
				3B0ABBB227AF0A4100E912F3 /* Release */,
			);
			defaultConfigurationIsVisible = 0;
			defaultConfigurationName = Release;
		};
		3B0ABBB327AF0A4100E912F3 /* Build configuration list for PBXNativeTarget "Chapter1UITests" */ = {
			isa = XCConfigurationList;
			buildConfigurations = (
				3B0ABBB427AF0A4100E912F3 /* Debug */,
				3B0ABBB527AF0A4100E912F3 /* Release */,
			);
			defaultConfigurationIsVisible = 0;
			defaultConfigurationName = Release;
		};
/* End XCConfigurationList section */
	};
	rootObject = 3B0ABB7B27AF0A3D00E912F3 /* Project object */;
}
